{
  "name": "wx_signture",
  "version": "1.0.1",
  "lockfileVersion": 2,
  "requires": true,
  "packages": {
    "": {
      "name": "wx_signture",
      "version": "1.0.1",
      "license": "ISC",
      "dependencies": {
        "wx_mini_signture": "^0.0.4"
      }
    },
    "node_modules/wx_mini_signture": {
      "version": "0.0.4",
      "resolved": "https://registry.npmjs.org/wx_mini_signture/-/wx_mini_signture-0.0.4.tgz",
      "integrity": "sha512-2DTMGsOOLXKoAquOg19L8GfIPBm4N0kGHYAwbGZ67pPGu9rS6kt+mA6F8vcMf1rXOlZx8Bao9jrMcytE1MrESw=="
    }
  },
  "dependencies": {
    "wx_mini_signture": {
      "version": "0.0.4",
      "resolved": "https://registry.npmjs.org/wx_mini_signture/-/wx_mini_signture-0.0.4.tgz",
      "integrity": "sha512-2DTMGsOOLXKoAquOg19L8GfIPBm4N0kGHYAwbGZ67pPGu9rS6kt+mA6F8vcMf1rXOlZx8Bao9jrMcytE1MrESw=="
    }
  }
}
