{
  "name": "wx_signture",
  "version": "1.0.1",
  "lockfileVersion": 2,
  "requires": true,
  "packages": {
    "": {
      "name": "wx_signture",
      "version": "1.0.1",
      "license": "ISC",
      "dependencies": {
        "wx_mini_signture": "^0.0.3"
      }
    },
    "node_modules/wx_mini_signture": {
      "version": "0.0.3",
      "resolved": "https://registry.npmjs.org/wx_mini_signture/-/wx_mini_signture-0.0.3.tgz",
      "integrity": "sha512-vM0aCDMNgXqs+x8dxsuaEUtxKTjf44tZXD07JJCqh6smpU1leiloG3v4VvhA3YxMNqsJ3YmGWyc/e03xp+y13w=="
    }
  },
  "dependencies": {
    "wx_mini_signture": {
      "version": "0.0.3",
      "resolved": "https://registry.npmjs.org/wx_mini_signture/-/wx_mini_signture-0.0.3.tgz",
      "integrity": "sha512-vM0aCDMNgXqs+x8dxsuaEUtxKTjf44tZXD07JJCqh6smpU1leiloG3v4VvhA3YxMNqsJ3YmGWyc/e03xp+y13w=="
    }
  }
}
