{
  "name": "demo",
  "version": "1.0.0",
  "lockfileVersion": 2,
  "requires": true,
  "packages": {
    "": {
      "name": "demo",
      "version": "1.0.0",
      "license": "ISC",
      "dependencies": {
        "wx_mini_signture": "^0.2.0"
      }
    },
    "node_modules/wx_mini_signture": {
      "version": "0.2.0",
      "resolved": "https://registry.npmjs.org/wx_mini_signture/-/wx_mini_signture-0.2.0.tgz",
      "integrity": "sha512-pYMyfGjYzm1sV2xUrtPVeeUtasDibETo8jE3nz5b9cjRDs8DIgV9m+JxhcuOKRuq7R44cWEd+GVeH1CsALegMg=="
    }
  },
  "dependencies": {
    "wx_mini_signture": {
      "version": "0.2.0",
      "resolved": "https://registry.npmjs.org/wx_mini_signture/-/wx_mini_signture-0.2.0.tgz",
      "integrity": "sha512-pYMyfGjYzm1sV2xUrtPVeeUtasDibETo8jE3nz5b9cjRDs8DIgV9m+JxhcuOKRuq7R44cWEd+GVeH1CsALegMg=="
    }
  }
}
