{
  "name": "demo",
  "version": "1.0.0",
  "lockfileVersion": 2,
  "requires": true,
  "packages": {
    "": {
      "name": "demo",
      "version": "1.0.0",
      "license": "ISC",
      "dependencies": {
        "wx_mini_signture": "^0.0.7"
      }
    },
    "node_modules/wx_mini_signture": {
      "version": "0.0.7",
      "resolved": "https://registry.npmjs.org/wx_mini_signture/-/wx_mini_signture-0.0.7.tgz",
      "integrity": "sha512-c4pbnC5QUKDcIqoYWPiYfKi61PPIo8H7R5KjDqEMLHtvIKyI72MFDh4rlWstQfkEHd1bZvoTRV0uwUBEkR5NFA=="
    }
  },
  "dependencies": {
    "wx_mini_signture": {
      "version": "0.0.7",
      "resolved": "https://registry.npmjs.org/wx_mini_signture/-/wx_mini_signture-0.0.7.tgz",
      "integrity": "sha512-c4pbnC5QUKDcIqoYWPiYfKi61PPIo8H7R5KjDqEMLHtvIKyI72MFDh4rlWstQfkEHd1bZvoTRV0uwUBEkR5NFA=="
    }
  }
}
